PODS:
  - Alamofire (4.5.0)
  - Alps (0.0.3):
    - Alamofire (~> 4.0)
  - AlpsSDK (0.0.3):
    - Alps
  - SkyFloatingLabelTextField (3.1.0)

DEPENDENCIES:
  - Alps (from `../alps-ios-api`)
  - AlpsSDK (from `../alps-ios-sdk`)
  - SkyFloatingLabelTextField (~> 3.0)

EXTERNAL SOURCES:
  Alps:
    :path: ../alps-ios-api
  AlpsSDK:
    :path: ../alps-ios-sdk

SPEC CHECKSUMS:
  Alamofire: f28cdffd29de33a7bfa022cbd63ae95a27fae140
  Alps: f97f116e679df08d4fba32730479e2f351afb258
  AlpsSDK: a60836dcaa6599d4dbba3aa5ce56ed95bb5220ca
  SkyFloatingLabelTextField: 26a92ad407044dd5a7c3e4e348738ff0991514fe

PODFILE CHECKSUM: e33fe4c5f350581714b03bc78cae96324b497f61

COCOAPODS: 1.2.1
