// !$*UTF8*$!
{
	archiveVersion = 1;
	classes = {
	};
	objectVersion = 46;
	objects = {

/* Begin PBXBuildFile section */
		84110D721F5E8A7500C3E28D /* AppDelegate.swift in Sources */ = {isa = PBXBuildFile; fileRef = 84110D711F5E8A7500C3E28D /* AppDelegate.swift */; };
		84110D791F5E8A7500C3E28D /* Assets.xcassets in Resources */ = {isa = PBXBuildFile; fileRef = 84110D781F5E8A7500C3E28D /* Assets.xcassets */; };
		84110D921F5E91D800C3E28D /* TicketTableViewCell.swift in Sources */ = {isa = PBXBuildFile; fileRef = 84110D911F5E91D800C3E28D /* TicketTableViewCell.swift */; };
		84110D941F5E93DE00C3E28D /* TicketTableViewController.swift in Sources */ = {isa = PBXBuildFile; fileRef = 84110D931F5E93DE00C3E28D /* TicketTableViewController.swift */; };
		844410E91F602F30002AC090 /* Main.storyboard in Resources */ = {isa = PBXBuildFile; fileRef = 844410E71F602F30002AC090 /* Main.storyboard */; };
		847BC9B51F5FE4B90011F939 /* PublicationTableViewController.swift in Sources */ = {isa = PBXBuildFile; fileRef = 847BC9B41F5FE4B80011F939 /* PublicationTableViewController.swift */; };
		847BC9B91F5FF8D90011F939 /* HomeViewController.swift in Sources */ = {isa = PBXBuildFile; fileRef = 847BC9B81F5FF8D90011F939 /* HomeViewController.swift */; };
		84823D3F1F5EEBE40039CA42 /* MobilePublicationViewController.swift in Sources */ = {isa = PBXBuildFile; fileRef = 84823D3E1F5EEBE40039CA42 /* MobilePublicationViewController.swift */; };
		84823D411F5EEBF40039CA42 /* PinPublicationViewController.swift in Sources */ = {isa = PBXBuildFile; fileRef = 84823D401F5EEBF40039CA42 /* PinPublicationViewController.swift */; };
		84823D431F5EEBFF0039CA42 /* IBeaconPublicationViewController.swift in Sources */ = {isa = PBXBuildFile; fileRef = 84823D421F5EEBFF0039CA42 /* IBeaconPublicationViewController.swift */; };
		84823D451F5EF2DA0039CA42 /* AddPublicationViewController.swift in Sources */ = {isa = PBXBuildFile; fileRef = 84823D441F5EF2DA0039CA42 /* AddPublicationViewController.swift */; };
		8484E2261F6143D80086C887 /* PublicationTableViewCell.swift in Sources */ = {isa = PBXBuildFile; fileRef = 8484E2251F6143D80086C887 /* PublicationTableViewCell.swift */; };
		C30A209E1FBE134A00DD661D /* MapKit.framework in Frameworks */ = {isa = PBXBuildFile; fileRef = C30A209D1FBE134A00DD661D /* MapKit.framework */; };
		C35519931FBDB15A00B21495 /* UIColor+CustomColors.swift in Sources */ = {isa = PBXBuildFile; fileRef = C35519921FBDB15A00B21495 /* UIColor+CustomColors.swift */; };
		C35519951FBDB7CE00B21495 /* AlertHelper.swift in Sources */ = {isa = PBXBuildFile; fileRef = C35519941FBDB7CE00B21495 /* AlertHelper.swift */; };
		C37BE0D11FBEED7400633A97 /* LaunchScreen.storyboard in Resources */ = {isa = PBXBuildFile; fileRef = C37BE0D01FBEED7400633A97 /* LaunchScreen.storyboard */; };
		C37BE0D41FBEFB8700633A97 /* Home.storyboard in Resources */ = {isa = PBXBuildFile; fileRef = C37BE0D31FBEFB8700633A97 /* Home.storyboard */; };
		C37BE0D91FBEFF7300633A97 /* Buy.storyboard in Resources */ = {isa = PBXBuildFile; fileRef = C37BE0D81FBEFF7300633A97 /* Buy.storyboard */; };
		C37BE0DB1FBF01EF00633A97 /* Sell.storyboard in Resources */ = {isa = PBXBuildFile; fileRef = C37BE0DA1FBF01EF00633A97 /* Sell.storyboard */; };
		C37BE0DE1FBF0AE200633A97 /* AddWantedTicketViewController.swift in Sources */ = {isa = PBXBuildFile; fileRef = C37BE0DD1FBF0AE200633A97 /* AddWantedTicketViewController.swift */; };
		D8181C06E54985535BAC315B /* Pods_alps_ios_TicketingApp.framework in Frameworks */ = {isa = PBXBuildFile; fileRef = 63A4FC56526F3B83FF31A7BA /* Pods_alps_ios_TicketingApp.framework */; };
/* End PBXBuildFile section */

/* Begin PBXFileReference section */
		55C1553DC0DF69867CA391BE /* Pods-alps-ios-TicketingApp.release.xcconfig */ = {isa = PBXFileReference; includeInIndex = 1; lastKnownFileType = text.xcconfig; name = "Pods-alps-ios-TicketingApp.release.xcconfig"; path = "Pods/Target Support Files/Pods-alps-ios-TicketingApp/Pods-alps-ios-TicketingApp.release.xcconfig"; sourceTree = "<group>"; };
		63A4FC56526F3B83FF31A7BA /* Pods_alps_ios_TicketingApp.framework */ = {isa = PBXFileReference; explicitFileType = wrapper.framework; includeInIndex = 0; path = Pods_alps_ios_TicketingApp.framework; sourceTree = BUILT_PRODUCTS_DIR; };
		84110D6E1F5E8A7500C3E28D /* iTicket.app */ = {isa = PBXFileReference; explicitFileType = wrapper.application; includeInIndex = 0; path = iTicket.app; sourceTree = BUILT_PRODUCTS_DIR; };
		84110D711F5E8A7500C3E28D /* AppDelegate.swift */ = {isa = PBXFileReference; lastKnownFileType = sourcecode.swift; path = AppDelegate.swift; sourceTree = "<group>"; };
		84110D781F5E8A7500C3E28D /* Assets.xcassets */ = {isa = PBXFileReference; lastKnownFileType = folder.assetcatalog; path = Assets.xcassets; sourceTree = "<group>"; };
		84110D7D1F5E8A7500C3E28D /* Info.plist */ = {isa = PBXFileReference; lastKnownFileType = text.plist.xml; path = Info.plist; sourceTree = "<group>"; };
		84110D911F5E91D800C3E28D /* TicketTableViewCell.swift */ = {isa = PBXFileReference; fileEncoding = 4; lastKnownFileType = sourcecode.swift; path = TicketTableViewCell.swift; sourceTree = "<group>"; };
		84110D931F5E93DE00C3E28D /* TicketTableViewController.swift */ = {isa = PBXFileReference; fileEncoding = 4; lastKnownFileType = sourcecode.swift; path = TicketTableViewController.swift; sourceTree = "<group>"; };
		844410E81F602F30002AC090 /* Base */ = {isa = PBXFileReference; lastKnownFileType = file.storyboard; name = Base; path = "alps-ios-TicketingApp/Base.lproj/Main.storyboard"; sourceTree = "<group>"; };
		847BC9B41F5FE4B80011F939 /* PublicationTableViewController.swift */ = {isa = PBXFileReference; fileEncoding = 4; lastKnownFileType = sourcecode.swift; path = PublicationTableViewController.swift; sourceTree = "<group>"; };
		847BC9B81F5FF8D90011F939 /* HomeViewController.swift */ = {isa = PBXFileReference; fileEncoding = 4; lastKnownFileType = sourcecode.swift; path = HomeViewController.swift; sourceTree = "<group>"; };
		84823D3E1F5EEBE40039CA42 /* MobilePublicationViewController.swift */ = {isa = PBXFileReference; fileEncoding = 4; lastKnownFileType = sourcecode.swift; path = MobilePublicationViewController.swift; sourceTree = "<group>"; };
		84823D401F5EEBF40039CA42 /* PinPublicationViewController.swift */ = {isa = PBXFileReference; fileEncoding = 4; lastKnownFileType = sourcecode.swift; path = PinPublicationViewController.swift; sourceTree = "<group>"; };
		84823D421F5EEBFF0039CA42 /* IBeaconPublicationViewController.swift */ = {isa = PBXFileReference; fileEncoding = 4; lastKnownFileType = sourcecode.swift; path = IBeaconPublicationViewController.swift; sourceTree = "<group>"; };
		84823D441F5EF2DA0039CA42 /* AddPublicationViewController.swift */ = {isa = PBXFileReference; fileEncoding = 4; lastKnownFileType = sourcecode.swift; path = AddPublicationViewController.swift; sourceTree = "<group>"; };
		8484E2251F6143D80086C887 /* PublicationTableViewCell.swift */ = {isa = PBXFileReference; fileEncoding = 4; lastKnownFileType = sourcecode.swift; path = PublicationTableViewCell.swift; sourceTree = "<group>"; };
		84F9216A1FB5DFDF004A2400 /* alps-ios-TicketingApp.entitlements */ = {isa = PBXFileReference; lastKnownFileType = text.plist.entitlements; path = "alps-ios-TicketingApp.entitlements"; sourceTree = "<group>"; };
		C30A209D1FBE134A00DD661D /* MapKit.framework */ = {isa = PBXFileReference; lastKnownFileType = wrapper.framework; name = MapKit.framework; path = System/Library/Frameworks/MapKit.framework; sourceTree = SDKROOT; };
		C35519921FBDB15A00B21495 /* UIColor+CustomColors.swift */ = {isa = PBXFileReference; lastKnownFileType = sourcecode.swift; path = "UIColor+CustomColors.swift"; sourceTree = "<group>"; };
		C35519941FBDB7CE00B21495 /* AlertHelper.swift */ = {isa = PBXFileReference; lastKnownFileType = sourcecode.swift; path = AlertHelper.swift; sourceTree = "<group>"; };
		C37BE0D01FBEED7400633A97 /* LaunchScreen.storyboard */ = {isa = PBXFileReference; lastKnownFileType = file.storyboard; path = LaunchScreen.storyboard; sourceTree = "<group>"; };
		C37BE0D31FBEFB8700633A97 /* Home.storyboard */ = {isa = PBXFileReference; fileEncoding = 4; lastKnownFileType = file.storyboard; path = Home.storyboard; sourceTree = "<group>"; };
		C37BE0D81FBEFF7300633A97 /* Buy.storyboard */ = {isa = PBXFileReference; fileEncoding = 4; lastKnownFileType = file.storyboard; path = Buy.storyboard; sourceTree = "<group>"; };
		C37BE0DA1FBF01EF00633A97 /* Sell.storyboard */ = {isa = PBXFileReference; fileEncoding = 4; lastKnownFileType = file.storyboard; path = Sell.storyboard; sourceTree = "<group>"; };
		C37BE0DD1FBF0AE200633A97 /* AddWantedTicketViewController.swift */ = {isa = PBXFileReference; lastKnownFileType = sourcecode.swift; path = AddWantedTicketViewController.swift; sourceTree = "<group>"; };
		E2754EB06BB0CC19BD0D100D /* Pods-alps-ios-TicketingApp.debug.xcconfig */ = {isa = PBXFileReference; includeInIndex = 1; lastKnownFileType = text.xcconfig; name = "Pods-alps-ios-TicketingApp.debug.xcconfig"; path = "Pods/Target Support Files/Pods-alps-ios-TicketingApp/Pods-alps-ios-TicketingApp.debug.xcconfig"; sourceTree = "<group>"; };
/* End PBXFileReference section */

/* Begin PBXFrameworksBuildPhase section */
		84110D6B1F5E8A7500C3E28D /* Frameworks */ = {
			isa = PBXFrameworksBuildPhase;
			buildActionMask = 2147483647;
			files = (
				C30A209E1FBE134A00DD661D /* MapKit.framework in Frameworks */,
				D8181C06E54985535BAC315B /* Pods_alps_ios_TicketingApp.framework in Frameworks */,
			);
			runOnlyForDeploymentPostprocessing = 0;
		};
/* End PBXFrameworksBuildPhase section */

/* Begin PBXGroup section */
		557DF38F63E43603AD5C5717 /* Frameworks */ = {
			isa = PBXGroup;
			children = (
				C30A209D1FBE134A00DD661D /* MapKit.framework */,
				63A4FC56526F3B83FF31A7BA /* Pods_alps_ios_TicketingApp.framework */,
			);
			name = Frameworks;
			sourceTree = "<group>";
		};
		84110D651F5E8A7500C3E28D = {
			isa = PBXGroup;
			children = (
				84110D701F5E8A7500C3E28D /* alps-ios-TicketingApp */,
				84110D6F1F5E8A7500C3E28D /* Products */,
				557DF38F63E43603AD5C5717 /* Frameworks */,
				EC6F3AF7D7AD825A7576F684 /* Pods */,
			);
			sourceTree = "<group>";
		};
		84110D6F1F5E8A7500C3E28D /* Products */ = {
			isa = PBXGroup;
			children = (
				84110D6E1F5E8A7500C3E28D /* iTicket.app */,
			);
			name = Products;
			sourceTree = "<group>";
		};
		84110D701F5E8A7500C3E28D /* alps-ios-TicketingApp */ = {
			isa = PBXGroup;
			children = (
				84F9216A1FB5DFDF004A2400 /* alps-ios-TicketingApp.entitlements */,
				84110D7D1F5E8A7500C3E28D /* Info.plist */,
				84110D781F5E8A7500C3E28D /* Assets.xcassets */,
				844410E71F602F30002AC090 /* Main.storyboard */,
				C37BE0D01FBEED7400633A97 /* LaunchScreen.storyboard */,
				84110D711F5E8A7500C3E28D /* AppDelegate.swift */,
				C37BE0CA1FBEE35E00633A97 /* Home */,
				C37BE0CC1FBEE38900633A97 /* Buy */,
				C37BE0CB1FBEE37700633A97 /* Sell */,
				C37BE0CE1FBEE3BB00633A97 /* Misc */,
			);
			path = "alps-ios-TicketingApp";
			sourceTree = "<group>";
		};
		C37BE0CA1FBEE35E00633A97 /* Home */ = {
			isa = PBXGroup;
			children = (
				C37BE0D31FBEFB8700633A97 /* Home.storyboard */,
				847BC9B81F5FF8D90011F939 /* HomeViewController.swift */,
				C37BE0DD1FBF0AE200633A97 /* AddWantedTicketViewController.swift */,
			);
			path = Home;
			sourceTree = "<group>";
		};
		C37BE0CB1FBEE37700633A97 /* Sell */ = {
			isa = PBXGroup;
			children = (
				C37BE0DA1FBF01EF00633A97 /* Sell.storyboard */,
				847BC9B41F5FE4B80011F939 /* PublicationTableViewController.swift */,
				8484E2251F6143D80086C887 /* PublicationTableViewCell.swift */,
				C37BE0CD1FBEE3AB00633A97 /* Add */,
			);
			path = Sell;
			sourceTree = "<group>";
		};
		C37BE0CC1FBEE38900633A97 /* Buy */ = {
			isa = PBXGroup;
			children = (
				C37BE0D81FBEFF7300633A97 /* Buy.storyboard */,
				84110D931F5E93DE00C3E28D /* TicketTableViewController.swift */,
				84110D911F5E91D800C3E28D /* TicketTableViewCell.swift */,
			);
			path = Buy;
			sourceTree = "<group>";
		};
		C37BE0CD1FBEE3AB00633A97 /* Add */ = {
			isa = PBXGroup;
			children = (
				84823D441F5EF2DA0039CA42 /* AddPublicationViewController.swift */,
				84823D3E1F5EEBE40039CA42 /* MobilePublicationViewController.swift */,
				84823D401F5EEBF40039CA42 /* PinPublicationViewController.swift */,
				84823D421F5EEBFF0039CA42 /* IBeaconPublicationViewController.swift */,
			);
			path = Add;
			sourceTree = "<group>";
		};
		C37BE0CE1FBEE3BB00633A97 /* Misc */ = {
			isa = PBXGroup;
			children = (
				C35519921FBDB15A00B21495 /* UIColor+CustomColors.swift */,
				C35519941FBDB7CE00B21495 /* AlertHelper.swift */,
			);
			path = Misc;
			sourceTree = "<group>";
		};
		EC6F3AF7D7AD825A7576F684 /* Pods */ = {
			isa = PBXGroup;
			children = (
				E2754EB06BB0CC19BD0D100D /* Pods-alps-ios-TicketingApp.debug.xcconfig */,
				55C1553DC0DF69867CA391BE /* Pods-alps-ios-TicketingApp.release.xcconfig */,
			);
			name = Pods;
			sourceTree = "<group>";
		};
/* End PBXGroup section */

/* Begin PBXNativeTarget section */
		84110D6D1F5E8A7500C3E28D /* alps-ios-TicketingApp */ = {
			isa = PBXNativeTarget;
			buildConfigurationList = 84110D8B1F5E8A7500C3E28D /* Build configuration list for PBXNativeTarget "alps-ios-TicketingApp" */;
			buildPhases = (
				8CF247E401707344E56A2257 /* [CP] Check Pods Manifest.lock */,
				84110D6A1F5E8A7500C3E28D /* Sources */,
				84110D6B1F5E8A7500C3E28D /* Frameworks */,
				84110D6C1F5E8A7500C3E28D /* Resources */,
				B2B6F78A025AF308973EF4F4 /* [CP] Embed Pods Frameworks */,
				12E3F78F6F7FFA5D9ABDA3AF /* [CP] Copy Pods Resources */,
			);
			buildRules = (
			);
			dependencies = (
			);
			name = "alps-ios-TicketingApp";
			productName = "alps-ios-TicketingApp";
			productReference = 84110D6E1F5E8A7500C3E28D /* iTicket.app */;
			productType = "com.apple.product-type.application";
		};
/* End PBXNativeTarget section */

/* Begin PBXProject section */
		84110D661F5E8A7500C3E28D /* Project object */ = {
			isa = PBXProject;
			attributes = {
				LastSwiftUpdateCheck = 0830;
				LastUpgradeCheck = 0900;
				ORGANIZATIONNAME = WhenWens;
				TargetAttributes = {
					84110D6D1F5E8A7500C3E28D = {
						CreatedOnToolsVersion = 8.3.3;
						DevelopmentTeam = PAYVP3AFKX;
						LastSwiftMigration = 0910;
						ProvisioningStyle = Automatic;
						SystemCapabilities = {
							com.apple.BackgroundModes = {
								enabled = 1;
							};
							com.apple.Maps.iOS = {
								enabled = 1;
							};
							com.apple.Push = {
								enabled = 1;
							};
							com.apple.SafariKeychain = {
								enabled = 0;
							};
						};
					};
				};
			};
			buildConfigurationList = 84110D691F5E8A7500C3E28D /* Build configuration list for PBXProject "alps-ios-TicketingApp" */;
			compatibilityVersion = "Xcode 3.2";
			developmentRegion = English;
			hasScannedForEncodings = 0;
			knownRegions = (
				en,
				Base,
			);
			mainGroup = 84110D651F5E8A7500C3E28D;
			productRefGroup = 84110D6F1F5E8A7500C3E28D /* Products */;
			projectDirPath = "";
			projectRoot = "";
			targets = (
				84110D6D1F5E8A7500C3E28D /* alps-ios-TicketingApp */,
			);
		};
/* End PBXProject section */

/* Begin PBXResourcesBuildPhase section */
		84110D6C1F5E8A7500C3E28D /* Resources */ = {
			isa = PBXResourcesBuildPhase;
			buildActionMask = 2147483647;
			files = (
				C37BE0D11FBEED7400633A97 /* LaunchScreen.storyboard in Resources */,
				84110D791F5E8A7500C3E28D /* Assets.xcassets in Resources */,
				C37BE0DB1FBF01EF00633A97 /* Sell.storyboard in Resources */,
				844410E91F602F30002AC090 /* Main.storyboard in Resources */,
				C37BE0D41FBEFB8700633A97 /* Home.storyboard in Resources */,
				C37BE0D91FBEFF7300633A97 /* Buy.storyboard in Resources */,
			);
			runOnlyForDeploymentPostprocessing = 0;
		};
/* End PBXResourcesBuildPhase section */

/* Begin PBXShellScriptBuildPhase section */
		12E3F78F6F7FFA5D9ABDA3AF /* [CP] Copy Pods Resources */ = {
			isa = PBXShellScriptBuildPhase;
			buildActionMask = 2147483647;
			files = (
			);
			inputPaths = (
			);
			name = "[CP] Copy Pods Resources";
			outputPaths = (
			);
			runOnlyForDeploymentPostprocessing = 0;
			shellPath = /bin/sh;
			shellScript = "\"${SRCROOT}/Pods/Target Support Files/Pods-alps-ios-TicketingApp/Pods-alps-ios-TicketingApp-resources.sh\"\n";
			showEnvVarsInLog = 0;
		};
		8CF247E401707344E56A2257 /* [CP] Check Pods Manifest.lock */ = {
			isa = PBXShellScriptBuildPhase;
			buildActionMask = 2147483647;
			files = (
			);
			inputPaths = (
				"${PODS_PODFILE_DIR_PATH}/Podfile.lock",
				"${PODS_ROOT}/Manifest.lock",
			);
			name = "[CP] Check Pods Manifest.lock";
			outputPaths = (
				"$(DERIVED_FILE_DIR)/Pods-alps-ios-TicketingApp-checkManifestLockResult.txt",
			);
			runOnlyForDeploymentPostprocessing = 0;
			shellPath = /bin/sh;
			shellScript = "diff \"${PODS_PODFILE_DIR_PATH}/Podfile.lock\" \"${PODS_ROOT}/Manifest.lock\" > /dev/null\nif [ $? != 0 ] ; then\n    # print error to STDERR\n    echo \"error: The sandbox is not in sync with the Podfile.lock. Run 'pod install' or update your CocoaPods installation.\" >&2\n    exit 1\nfi\n# This output is used by Xcode 'outputs' to avoid re-running this script phase.\necho \"SUCCESS\" > \"${SCRIPT_OUTPUT_FILE_0}\"\n";
			showEnvVarsInLog = 0;
		};
		B2B6F78A025AF308973EF4F4 /* [CP] Embed Pods Frameworks */ = {
			isa = PBXShellScriptBuildPhase;
			buildActionMask = 2147483647;
			files = (
			);
			inputPaths = (
				"${SRCROOT}/Pods/Target Support Files/Pods-alps-ios-TicketingApp/Pods-alps-ios-TicketingApp-frameworks.sh",
				"${BUILT_PRODUCTS_DIR}/Alamofire/Alamofire.framework",
				"${BUILT_PRODUCTS_DIR}/Alps/Alps.framework",
				"${BUILT_PRODUCTS_DIR}/AlpsSDK/AlpsSDK.framework",
				"${BUILT_PRODUCTS_DIR}/Kingfisher/Kingfisher.framework",
				"${BUILT_PRODUCTS_DIR}/PKHUD/PKHUD.framework",
				"${BUILT_PRODUCTS_DIR}/SkyFloatingLabelTextField/SkyFloatingLabelTextField.framework",
				"${BUILT_PRODUCTS_DIR}/Starscream/Starscream.framework",
			);
			name = "[CP] Embed Pods Frameworks";
			outputPaths = (
				"${TARGET_BUILD_DIR}/${FRAMEWORKS_FOLDER_PATH}/Alamofire.framework",
				"${TARGET_BUILD_DIR}/${FRAMEWORKS_FOLDER_PATH}/Alps.framework",
				"${TARGET_BUILD_DIR}/${FRAMEWORKS_FOLDER_PATH}/AlpsSDK.framework",
				"${TARGET_BUILD_DIR}/${FRAMEWORKS_FOLDER_PATH}/Kingfisher.framework",
				"${TARGET_BUILD_DIR}/${FRAMEWORKS_FOLDER_PATH}/PKHUD.framework",
				"${TARGET_BUILD_DIR}/${FRAMEWORKS_FOLDER_PATH}/SkyFloatingLabelTextField.framework",
				"${TARGET_BUILD_DIR}/${FRAMEWORKS_FOLDER_PATH}/Starscream.framework",
			);
			runOnlyForDeploymentPostprocessing = 0;
			shellPath = /bin/sh;
			shellScript = "\"${SRCROOT}/Pods/Target Support Files/Pods-alps-ios-TicketingApp/Pods-alps-ios-TicketingApp-frameworks.sh\"\n";
			showEnvVarsInLog = 0;
		};
/* End PBXShellScriptBuildPhase section */

/* Begin PBXSourcesBuildPhase section */
		84110D6A1F5E8A7500C3E28D /* Sources */ = {
			isa = PBXSourcesBuildPhase;
			buildActionMask = 2147483647;
			files = (
				8484E2261F6143D80086C887 /* PublicationTableViewCell.swift in Sources */,
				847BC9B91F5FF8D90011F939 /* HomeViewController.swift in Sources */,
				84110D921F5E91D800C3E28D /* TicketTableViewCell.swift in Sources */,
				C35519931FBDB15A00B21495 /* UIColor+CustomColors.swift in Sources */,
				847BC9B51F5FE4B90011F939 /* PublicationTableViewController.swift in Sources */,
				84823D3F1F5EEBE40039CA42 /* MobilePublicationViewController.swift in Sources */,
				84110D941F5E93DE00C3E28D /* TicketTableViewController.swift in Sources */,
				84823D451F5EF2DA0039CA42 /* AddPublicationViewController.swift in Sources */,
				84110D721F5E8A7500C3E28D /* AppDelegate.swift in Sources */,
				84823D411F5EEBF40039CA42 /* PinPublicationViewController.swift in Sources */,
				C35519951FBDB7CE00B21495 /* AlertHelper.swift in Sources */,
				84823D431F5EEBFF0039CA42 /* IBeaconPublicationViewController.swift in Sources */,
				C37BE0DE1FBF0AE200633A97 /* AddWantedTicketViewController.swift in Sources */,
			);
			runOnlyForDeploymentPostprocessing = 0;
		};
/* End PBXSourcesBuildPhase section */

/* Begin PBXVariantGroup section */
		844410E71F602F30002AC090 /* Main.storyboard */ = {
			isa = PBXVariantGroup;
			children = (
				844410E81F602F30002AC090 /* Base */,
			);
			name = Main.storyboard;
			path = ..;
			sourceTree = "<group>";
		};
/* End PBXVariantGroup section */

/* Begin XCBuildConfiguration section */
		84110D891F5E8A7500C3E28D /* Debug */ = {
			isa = XCBuildConfiguration;
			buildSettings = {
				ALWAYS_SEARCH_USER_PATHS = NO;
				CLANG_ANALYZER_NONNULL = YES;
				CLANG_ANALYZER_NUMBER_OBJECT_CONVERSION = YES_AGGRESSIVE;
				CLANG_CXX_LANGUAGE_STANDARD = "gnu++0x";
				CLANG_CXX_LIBRARY = "libc++";
				CLANG_ENABLE_MODULES = YES;
				CLANG_ENABLE_OBJC_ARC = YES;
				CLANG_WARN_BLOCK_CAPTURE_AUTORELEASING = YES;
				CLANG_WARN_BOOL_CONVERSION = YES;
				CLANG_WARN_COMMA = YES;
				CLANG_WARN_CONSTANT_CONVERSION = YES;
				CLANG_WARN_DIRECT_OBJC_ISA_USAGE = YES_ERROR;
				CLANG_WARN_DOCUMENTATION_COMMENTS = YES;
				CLANG_WARN_EMPTY_BODY = YES;
				CLANG_WARN_ENUM_CONVERSION = YES;
				CLANG_WARN_INFINITE_RECURSION = YES;
				CLANG_WARN_INT_CONVERSION = YES;
				CLANG_WARN_NON_LITERAL_NULL_CONVERSION = YES;
				CLANG_WARN_OBJC_LITERAL_CONVERSION = YES;
				CLANG_WARN_OBJC_ROOT_CLASS = YES_ERROR;
				CLANG_WARN_RANGE_LOOP_ANALYSIS = YES;
				CLANG_WARN_STRICT_PROTOTYPES = YES;
				CLANG_WARN_SUSPICIOUS_MOVE = YES;
				CLANG_WARN_UNREACHABLE_CODE = YES;
				CLANG_WARN__DUPLICATE_METHOD_MATCH = YES;
				"CODE_SIGN_IDENTITY[sdk=iphoneos*]" = "iPhone Developer";
				COPY_PHASE_STRIP = NO;
				DEBUG_INFORMATION_FORMAT = dwarf;
				ENABLE_STRICT_OBJC_MSGSEND = YES;
				ENABLE_TESTABILITY = YES;
				GCC_C_LANGUAGE_STANDARD = gnu99;
				GCC_DYNAMIC_NO_PIC = NO;
				GCC_NO_COMMON_BLOCKS = YES;
				GCC_OPTIMIZATION_LEVEL = 0;
				GCC_PREPROCESSOR_DEFINITIONS = (
					"DEBUG=1",
					"$(inherited)",
				);
				GCC_WARN_64_TO_32_BIT_CONVERSION = YES;
				GCC_WARN_ABOUT_RETURN_TYPE = YES_ERROR;
				GCC_WARN_UNDECLARED_SELECTOR = YES;
				GCC_WARN_UNINITIALIZED_AUTOS = YES_AGGRESSIVE;
				GCC_WARN_UNUSED_FUNCTION = YES;
				GCC_WARN_UNUSED_VARIABLE = YES;
				IPHONEOS_DEPLOYMENT_TARGET = 10.3;
				MTL_ENABLE_DEBUG_INFO = YES;
				ONLY_ACTIVE_ARCH = YES;
				SDKROOT = iphoneos;
				SWIFT_ACTIVE_COMPILATION_CONDITIONS = DEBUG;
				SWIFT_OPTIMIZATION_LEVEL = "-Onone";
				TARGETED_DEVICE_FAMILY = "1,2";
			};
			name = Debug;
		};
		84110D8A1F5E8A7500C3E28D /* Release */ = {
			isa = XCBuildConfiguration;
			buildSettings = {
				ALWAYS_SEARCH_USER_PATHS = NO;
				CLANG_ANALYZER_NONNULL = YES;
				CLANG_ANALYZER_NUMBER_OBJECT_CONVERSION = YES_AGGRESSIVE;
				CLANG_CXX_LANGUAGE_STANDARD = "gnu++0x";
				CLANG_CXX_LIBRARY = "libc++";
				CLANG_ENABLE_MODULES = YES;
				CLANG_ENABLE_OBJC_ARC = YES;
				CLANG_WARN_BLOCK_CAPTURE_AUTORELEASING = YES;
				CLANG_WARN_BOOL_CONVERSION = YES;
				CLANG_WARN_COMMA = YES;
				CLANG_WARN_CONSTANT_CONVERSION = YES;
				CLANG_WARN_DIRECT_OBJC_ISA_USAGE = YES_ERROR;
				CLANG_WARN_DOCUMENTATION_COMMENTS = YES;
				CLANG_WARN_EMPTY_BODY = YES;
				CLANG_WARN_ENUM_CONVERSION = YES;
				CLANG_WARN_INFINITE_RECURSION = YES;
				CLANG_WARN_INT_CONVERSION = YES;
				CLANG_WARN_NON_LITERAL_NULL_CONVERSION = YES;
				CLANG_WARN_OBJC_LITERAL_CONVERSION = YES;
				CLANG_WARN_OBJC_ROOT_CLASS = YES_ERROR;
				CLANG_WARN_RANGE_LOOP_ANALYSIS = YES;
				CLANG_WARN_STRICT_PROTOTYPES = YES;
				CLANG_WARN_SUSPICIOUS_MOVE = YES;
				CLANG_WARN_UNREACHABLE_CODE = YES;
				CLANG_WARN__DUPLICATE_METHOD_MATCH = YES;
				"CODE_SIGN_IDENTITY[sdk=iphoneos*]" = "iPhone Developer";
				COPY_PHASE_STRIP = NO;
				DEBUG_INFORMATION_FORMAT = "dwarf-with-dsym";
				ENABLE_NS_ASSERTIONS = NO;
				ENABLE_STRICT_OBJC_MSGSEND = YES;
				GCC_C_LANGUAGE_STANDARD = gnu99;
				GCC_NO_COMMON_BLOCKS = YES;
				GCC_WARN_64_TO_32_BIT_CONVERSION = YES;
				GCC_WARN_ABOUT_RETURN_TYPE = YES_ERROR;
				GCC_WARN_UNDECLARED_SELECTOR = YES;
				GCC_WARN_UNINITIALIZED_AUTOS = YES_AGGRESSIVE;
				GCC_WARN_UNUSED_FUNCTION = YES;
				GCC_WARN_UNUSED_VARIABLE = YES;
				IPHONEOS_DEPLOYMENT_TARGET = 10.3;
				MTL_ENABLE_DEBUG_INFO = NO;
				SDKROOT = iphoneos;
				SWIFT_OPTIMIZATION_LEVEL = "-Owholemodule";
				TARGETED_DEVICE_FAMILY = "1,2";
				VALIDATE_PRODUCT = YES;
			};
			name = Release;
		};
		84110D8C1F5E8A7500C3E28D /* Debug */ = {
			isa = XCBuildConfiguration;
			baseConfigurationReference = E2754EB06BB0CC19BD0D100D /* Pods-alps-ios-TicketingApp.debug.xcconfig */;
			buildSettings = {
				ASSETCATALOG_COMPILER_APPICON_NAME = AppIcon;
				CODE_SIGN_ENTITLEMENTS = "alps-ios-TicketingApp/alps-ios-TicketingApp.entitlements";
				DEVELOPMENT_TEAM = PAYVP3AFKX;
				INFOPLIST_FILE = "alps-ios-TicketingApp/Info.plist";
				IPHONEOS_DEPLOYMENT_TARGET = 10.0;
				LD_RUNPATH_SEARCH_PATHS = "$(inherited) @executable_path/Frameworks";
				PRODUCT_BUNDLE_IDENTIFIER = io.matchmore.ios.iticket;
				PRODUCT_NAME = iTicket;
				SWIFT_SWIFT3_OBJC_INFERENCE = On;
				SWIFT_VERSION = 4.0;
				TARGETED_DEVICE_FAMILY = "1,2";
			};
			name = Debug;
		};
		84110D8D1F5E8A7500C3E28D /* Release */ = {
			isa = XCBuildConfiguration;
			baseConfigurationReference = 55C1553DC0DF69867CA391BE /* Pods-alps-ios-TicketingApp.release.xcconfig */;
			buildSettings = {
				ASSETCATALOG_COMPILER_APPICON_NAME = AppIcon;
				CODE_SIGN_ENTITLEMENTS = "alps-ios-TicketingApp/alps-ios-TicketingApp.entitlements";
				DEVELOPMENT_TEAM = PAYVP3AFKX;
				INFOPLIST_FILE = "alps-ios-TicketingApp/Info.plist";
				IPHONEOS_DEPLOYMENT_TARGET = 10.0;
				LD_RUNPATH_SEARCH_PATHS = "$(inherited) @executable_path/Frameworks";
				PRODUCT_BUNDLE_IDENTIFIER = io.matchmore.ios.iticket;
				PRODUCT_NAME = iTicket;
				SWIFT_SWIFT3_OBJC_INFERENCE = On;
				SWIFT_VERSION = 4.0;
				TARGETED_DEVICE_FAMILY = "1,2";
			};
			name = Release;
		};
/* End XCBuildConfiguration section */

/* Begin XCConfigurationList section */
		84110D691F5E8A7500C3E28D /* Build configuration list for PBXProject "alps-ios-TicketingApp" */ = {
			isa = XCConfigurationList;
			buildConfigurations = (
				84110D891F5E8A7500C3E28D /* Debug */,
				84110D8A1F5E8A7500C3E28D /* Release */,
			);
			defaultConfigurationIsVisible = 0;
			defaultConfigurationName = Release;
		};
		84110D8B1F5E8A7500C3E28D /* Build configuration list for PBXNativeTarget "alps-ios-TicketingApp" */ = {
			isa = XCConfigurationList;
			buildConfigurations = (
				84110D8C1F5E8A7500C3E28D /* Debug */,
				84110D8D1F5E8A7500C3E28D /* Release */,
			);
			defaultConfigurationIsVisible = 0;
			defaultConfigurationName = Release;
		};
/* End XCConfigurationList section */
	};
	rootObject = 84110D661F5E8A7500C3E28D /* Project object */;
}
